
Microsoft Visual Studio Solution File, Format Version 12.00
# Visual Studio Version 17
VisualStudioVersion = 17.9.34714.143
MinimumVisualStudioVersion = 10.0.40219.1
Project("{9A19103F-16F7-4668-BE54-9A1E7A4F7556}") = "InteractiveMoonCatalogueForked", "InteractiveMoonCatalogueForked.csproj", "{BA812E88-DE04-436B-8DE9-FE745CDF77A2}"
EndProject
Global
	GlobalSection(SolutionConfigurationPlatforms) = preSolution
		Debug|Any CPU = Debug|Any CPU
		Release|Any CPU = Release|Any CPU
	EndGlobalSection
	GlobalSection(ProjectConfigurationPlatforms) = postSolution
		{BA812E88-DE04-436B-8DE9-FE745CDF77A2}.Debug|Any CPU.ActiveCfg = Debug|Any CPU
		{BA812E88-DE04-436B-8DE9-FE745CDF77A2}.Debug|Any CPU.Build.0 = Debug|Any CPU
		{BA812E88-DE04-436B-8DE9-FE745CDF77A2}.Release|Any CPU.ActiveCfg = Release|Any CPU
		{BA812E88-DE04-436B-8DE9-FE745CDF77A2}.Release|Any CPU.Build.0 = Release|Any CPU
	EndGlobalSection
	GlobalSection(SolutionProperties) = preSolution
		HideSolutionNode = FALSE
	EndGlobalSection
	GlobalSection(ExtensibilityGlobals) = postSolution
		SolutionGuid = {CEC05D44-6524-4FAD-94C7-D6C4AD1848F4}
	EndGlobalSection
EndGlobal
